
Microsoft Visual Studio Solution File, Format Version 12.00
# Visual Studio Version 16
VisualStudioVersion = 16.0.29025.244
MinimumVisualStudioVersion = 10.0.40219.1
Project("{FAE04EC0-301F-11D3-BF4B-00C04F79EFBC}") = "CRUD Blender", "CRUD Blender\CRUD Blender.csproj", "{B69D53BE-F486-49A3-8717-FD9EAF282E05}"
EndProject
Global
	GlobalSection(SolutionConfigurationPlatforms) = preSolution
		Debug|Any CPU = Debug|Any CPU
		Release|Any CPU = Release|Any CPU
	EndGlobalSection
	GlobalSection(ProjectConfigurationPlatforms) = postSolution
		{B69D53BE-F486-49A3-8717-FD9EAF282E05}.Debug|Any CPU.ActiveCfg = Debug|Any CPU
		{B69D53BE-F486-49A3-8717-FD9EAF282E05}.Debug|Any CPU.Build.0 = Debug|Any CPU
		{B69D53BE-F486-49A3-8717-FD9EAF282E05}.Release|Any CPU.ActiveCfg = Release|Any CPU
		{B69D53BE-F486-49A3-8717-FD9EAF282E05}.Release|Any CPU.Build.0 = Release|Any CPU
	EndGlobalSection
	GlobalSection(SolutionProperties) = preSolution
		HideSolutionNode = FALSE
	EndGlobalSection
	GlobalSection(ExtensibilityGlobals) = postSolution
		SolutionGuid = {5188341E-117B-4F20-9E4A-70166AEE9778}
	EndGlobalSection
EndGlobal
